
Microsoft Visual Studio Solution File, Format Version 12.00
# Visual Studio Version 16
VisualStudioVersion = 16.0.29519.87
MinimumVisualStudioVersion = 10.0.40219.1
Project("{FAE04EC0-301F-11D3-BF4B-00C04F79EFBC}") = "Simple.Wpf.Composition", "Simple.Wpf.Composition\Simple.Wpf.Composition.csproj", "{685EAF4B-E7B1-4613-ABD4-2B876FE134C9}"
EndProject
Project("{FAE04EC0-301F-11D3-BF4B-00C04F79EFBC}") = "Simple.Wpf.Composition.Core", "Simple.Wpf.Composition.Core\Simple.Wpf.Composition.Core.csproj", "{AC0DFC1A-0D32-43CE-BF20-7A3A1C15D163}"
EndProject
Global
	GlobalSection(SolutionConfigurationPlatforms) = preSolution
		Debug|Any CPU = Debug|Any CPU
		Release|Any CPU = Release|Any CPU
	EndGlobalSection
	GlobalSection(ProjectConfigurationPlatforms) = postSolution
		{685EAF4B-E7B1-4613-ABD4-2B876FE134C9}.Debug|Any CPU.ActiveCfg = Debug|Any CPU
		{685EAF4B-E7B1-4613-ABD4-2B876FE134C9}.Debug|Any CPU.Build.0 = Debug|Any CPU
		{685EAF4B-E7B1-4613-ABD4-2B876FE134C9}.Release|Any CPU.ActiveCfg = Release|Any CPU
		{685EAF4B-E7B1-4613-ABD4-2B876FE134C9}.Release|Any CPU.Build.0 = Release|Any CPU
		{AC0DFC1A-0D32-43CE-BF20-7A3A1C15D163}.Debug|Any CPU.ActiveCfg = Debug|Any CPU
		{AC0DFC1A-0D32-43CE-BF20-7A3A1C15D163}.Debug|Any CPU.Build.0 = Debug|Any CPU
		{AC0DFC1A-0D32-43CE-BF20-7A3A1C15D163}.Release|Any CPU.ActiveCfg = Release|Any CPU
		{AC0DFC1A-0D32-43CE-BF20-7A3A1C15D163}.Release|Any CPU.Build.0 = Release|Any CPU
	EndGlobalSection
	GlobalSection(SolutionProperties) = preSolution
		HideSolutionNode = FALSE
	EndGlobalSection
	GlobalSection(ExtensibilityGlobals) = postSolution
		SolutionGuid = {80E1153C-264A-495B-B0D2-E1776CE2A0A2}
	EndGlobalSection
EndGlobal
